// !$*UTF8*$!
{
	archiveVersion = 1;
	classes = {
	};
	objectVersion = 56;
	objects = {

/* Begin PBXBuildFile section */
		5B08BD18298CD5120012690C /* ColorExtension.swift in Sources */ = {isa = PBXBuildFile; fileRef = 5B08BD17298CD5120012690C /* ColorExtension.swift */; };
		5B08BD1A298CD7620012690C /* CommonFunctions.swift in Sources */ = {isa = PBXBuildFile; fileRef = 5B08BD19298CD7620012690C /* CommonFunctions.swift */; };
		5B08BD1C298CD7700012690C /* UIFunctions.swift in Sources */ = {isa = PBXBuildFile; fileRef = 5B08BD1B298CD7700012690C /* UIFunctions.swift */; };
		5B1543FF29975F9200DC70CF /* ViewControllerFactory.swift in Sources */ = {isa = PBXBuildFile; fileRef = 5B1543FE29975F9200DC70CF /* ViewControllerFactory.swift */; };
		5B1544032997675F00DC70CF /* MatchesViewController.swift in Sources */ = {isa = PBXBuildFile; fileRef = 5B1544012997675F00DC70CF /* MatchesViewController.swift */; };
		5B1544042997675F00DC70CF /* MatchesViewController.xib in Resources */ = {isa = PBXBuildFile; fileRef = 5B1544022997675F00DC70CF /* MatchesViewController.xib */; };
		5B154407299773F500DC70CF /* FixturesCollectionViewCell.swift in Sources */ = {isa = PBXBuildFile; fileRef = 5B154405299773F500DC70CF /* FixturesCollectionViewCell.swift */; };
		5B154408299773F500DC70CF /* FixturesCollectionViewCell.xib in Resources */ = {isa = PBXBuildFile; fileRef = 5B154406299773F500DC70CF /* FixturesCollectionViewCell.xib */; };
		5B21EB7D2999D90F005EF98C /* Service.swift in Sources */ = {isa = PBXBuildFile; fileRef = 5B21EB7C2999D90F005EF98C /* Service.swift */; };
		5B21EB802999D9FA005EF98C /* Alamofire in Frameworks */ = {isa = PBXBuildFile; productRef = 5B21EB7F2999D9FA005EF98C /* Alamofire */; };
		5B21EB822999DA3A005EF98C /* Secrets+Endpoints.swift in Sources */ = {isa = PBXBuildFile; fileRef = 5B21EB812999DA3A005EF98C /* Secrets+Endpoints.swift */; };
		5B21EB842999DA80005EF98C /* PlayerModel.swift in Sources */ = {isa = PBXBuildFile; fileRef = 5B21EB832999DA80005EF98C /* PlayerModel.swift */; };
		5B21EB862999DBA4005EF98C /* PlayerDetailsModel.swift in Sources */ = {isa = PBXBuildFile; fileRef = 5B21EB852999DBA4005EF98C /* PlayerDetailsModel.swift */; };
		5B21EB882999DC3B005EF98C /* FixtureModel.swift in Sources */ = {isa = PBXBuildFile; fileRef = 5B21EB872999DC3B005EF98C /* FixtureModel.swift */; };
		5B21EB8A2999DC82005EF98C /* FixtureDetailsModel.swift in Sources */ = {isa = PBXBuildFile; fileRef = 5B21EB892999DC82005EF98C /* FixtureDetailsModel.swift */; };
		5B21EB8E2999F0F8005EF98C /* SDWebImage in Frameworks */ = {isa = PBXBuildFile; productRef = 5B21EB8D2999F0F8005EF98C /* SDWebImage */; };
		5B21EB91299A0DC7005EF98C /* MatchesViewModel.swift in Sources */ = {isa = PBXBuildFile; fileRef = 5B21EB90299A0DC7005EF98C /* MatchesViewModel.swift */; };
		5B7240BB298D1523000DD128 /* SearchField.xib in Resources */ = {isa = PBXBuildFile; fileRef = 5B7240BA298D1523000DD128 /* SearchField.xib */; };
		5B7240BD298D153A000DD128 /* SearchField.swift in Sources */ = {isa = PBXBuildFile; fileRef = 5B7240BC298D153A000DD128 /* SearchField.swift */; };
		5B7B825C298CAABD00A6BDA4 /* InitialViewController.swift in Sources */ = {isa = PBXBuildFile; fileRef = 5B7B825A298CAABD00A6BDA4 /* InitialViewController.swift */; };
		5B7B825D298CAABD00A6BDA4 /* InitialViewController.xib in Resources */ = {isa = PBXBuildFile; fileRef = 5B7B825B298CAABD00A6BDA4 /* InitialViewController.xib */; };
		5B9438592996DEE9000D546B /* TabbarController.swift in Sources */ = {isa = PBXBuildFile; fileRef = 5B9438582996DEE9000D546B /* TabbarController.swift */; };
		5BB9D71229989BA800280951 /* SegmentedControlExtension.swift in Sources */ = {isa = PBXBuildFile; fileRef = 5BB9D71129989BA800280951 /* SegmentedControlExtension.swift */; };
		5BCD704F298CA79400EEF6F3 /* AppDelegate.swift in Sources */ = {isa = PBXBuildFile; fileRef = 5BCD704E298CA79400EEF6F3 /* AppDelegate.swift */; };
		5BCD7058298CA79500EEF6F3 /* Assets.xcassets in Resources */ = {isa = PBXBuildFile; fileRef = 5BCD7057298CA79500EEF6F3 /* Assets.xcassets */; };
		5BCD705B298CA79500EEF6F3 /* LaunchScreen.storyboard in Resources */ = {isa = PBXBuildFile; fileRef = 5BCD7059298CA79500EEF6F3 /* LaunchScreen.storyboard */; };
		5BF49A05298CADB90051723E /* HomeViewController.swift in Sources */ = {isa = PBXBuildFile; fileRef = 5BF49A03298CADB90051723E /* HomeViewController.swift */; };
		5BF49A06298CADB90051723E /* HomeViewController.xib in Resources */ = {isa = PBXBuildFile; fileRef = 5BF49A04298CADB90051723E /* HomeViewController.xib */; };
		5BF49A08298CADE80051723E /* Routes.swift in Sources */ = {isa = PBXBuildFile; fileRef = 5BF49A07298CADE80051723E /* Routes.swift */; };
/* End PBXBuildFile section */

/* Begin PBXFileReference section */
		5B08BD17298CD5120012690C /* ColorExtension.swift */ = {isa = PBXFileReference; lastKnownFileType = sourcecode.swift; path = ColorExtension.swift; sourceTree = "<group>"; };
		5B08BD19298CD7620012690C /* CommonFunctions.swift */ = {isa = PBXFileReference; lastKnownFileType = sourcecode.swift; path = CommonFunctions.swift; sourceTree = "<group>"; };
		5B08BD1B298CD7700012690C /* UIFunctions.swift */ = {isa = PBXFileReference; lastKnownFileType = sourcecode.swift; path = UIFunctions.swift; sourceTree = "<group>"; };
		5B1543FE29975F9200DC70CF /* ViewControllerFactory.swift */ = {isa = PBXFileReference; lastKnownFileType = sourcecode.swift; path = ViewControllerFactory.swift; sourceTree = "<group>"; };
		5B1544012997675F00DC70CF /* MatchesViewController.swift */ = {isa = PBXFileReference; lastKnownFileType = sourcecode.swift; path = MatchesViewController.swift; sourceTree = "<group>"; };
		5B1544022997675F00DC70CF /* MatchesViewController.xib */ = {isa = PBXFileReference; lastKnownFileType = file.xib; path = MatchesViewController.xib; sourceTree = "<group>"; };
		5B154405299773F500DC70CF /* FixturesCollectionViewCell.swift */ = {isa = PBXFileReference; lastKnownFileType = sourcecode.swift; path = FixturesCollectionViewCell.swift; sourceTree = "<group>"; };
		5B154406299773F500DC70CF /* FixturesCollectionViewCell.xib */ = {isa = PBXFileReference; lastKnownFileType = file.xib; path = FixturesCollectionViewCell.xib; sourceTree = "<group>"; };
		5B21EB7C2999D90F005EF98C /* Service.swift */ = {isa = PBXFileReference; lastKnownFileType = sourcecode.swift; path = Service.swift; sourceTree = "<group>"; };
		5B21EB812999DA3A005EF98C /* Secrets+Endpoints.swift */ = {isa = PBXFileReference; lastKnownFileType = sourcecode.swift; path = "Secrets+Endpoints.swift"; sourceTree = "<group>"; };
		5B21EB832999DA80005EF98C /* PlayerModel.swift */ = {isa = PBXFileReference; lastKnownFileType = sourcecode.swift; path = PlayerModel.swift; sourceTree = "<group>"; };
		5B21EB852999DBA4005EF98C /* PlayerDetailsModel.swift */ = {isa = PBXFileReference; lastKnownFileType = sourcecode.swift; path = PlayerDetailsModel.swift; sourceTree = "<group>"; };
		5B21EB872999DC3B005EF98C /* FixtureModel.swift */ = {isa = PBXFileReference; lastKnownFileType = sourcecode.swift; path = FixtureModel.swift; sourceTree = "<group>"; };
		5B21EB892999DC82005EF98C /* FixtureDetailsModel.swift */ = {isa = PBXFileReference; lastKnownFileType = sourcecode.swift; path = FixtureDetailsModel.swift; sourceTree = "<group>"; };
		5B21EB90299A0DC7005EF98C /* MatchesViewModel.swift */ = {isa = PBXFileReference; lastKnownFileType = sourcecode.swift; path = MatchesViewModel.swift; sourceTree = "<group>"; };
		5B7240BA298D1523000DD128 /* SearchField.xib */ = {isa = PBXFileReference; lastKnownFileType = file.xib; path = SearchField.xib; sourceTree = "<group>"; };
		5B7240BC298D153A000DD128 /* SearchField.swift */ = {isa = PBXFileReference; lastKnownFileType = sourcecode.swift; path = SearchField.swift; sourceTree = "<group>"; };
		5B7B825A298CAABD00A6BDA4 /* InitialViewController.swift */ = {isa = PBXFileReference; lastKnownFileType = sourcecode.swift; path = InitialViewController.swift; sourceTree = "<group>"; };
		5B7B825B298CAABD00A6BDA4 /* InitialViewController.xib */ = {isa = PBXFileReference; lastKnownFileType = file.xib; path = InitialViewController.xib; sourceTree = "<group>"; };
		5B9438582996DEE9000D546B /* TabbarController.swift */ = {isa = PBXFileReference; lastKnownFileType = sourcecode.swift; path = TabbarController.swift; sourceTree = "<group>"; };
		5BB9D71129989BA800280951 /* SegmentedControlExtension.swift */ = {isa = PBXFileReference; lastKnownFileType = sourcecode.swift; path = SegmentedControlExtension.swift; sourceTree = "<group>"; };
		5BCD704B298CA79400EEF6F3 /* Cricketly.app */ = {isa = PBXFileReference; explicitFileType = wrapper.application; includeInIndex = 0; path = Cricketly.app; sourceTree = BUILT_PRODUCTS_DIR; };
		5BCD704E298CA79400EEF6F3 /* AppDelegate.swift */ = {isa = PBXFileReference; lastKnownFileType = sourcecode.swift; path = AppDelegate.swift; sourceTree = "<group>"; };
		5BCD7057298CA79500EEF6F3 /* Assets.xcassets */ = {isa = PBXFileReference; lastKnownFileType = folder.assetcatalog; path = Assets.xcassets; sourceTree = "<group>"; };
		5BCD705A298CA79500EEF6F3 /* Base */ = {isa = PBXFileReference; lastKnownFileType = file.storyboard; name = Base; path = Base.lproj/LaunchScreen.storyboard; sourceTree = "<group>"; };
		5BCD705C298CA79500EEF6F3 /* Info.plist */ = {isa = PBXFileReference; lastKnownFileType = text.plist.xml; path = Info.plist; sourceTree = "<group>"; };
		5BF49A03298CADB90051723E /* HomeViewController.swift */ = {isa = PBXFileReference; lastKnownFileType = sourcecode.swift; path = HomeViewController.swift; sourceTree = "<group>"; };
		5BF49A04298CADB90051723E /* HomeViewController.xib */ = {isa = PBXFileReference; lastKnownFileType = file.xib; path = HomeViewController.xib; sourceTree = "<group>"; };
		5BF49A07298CADE80051723E /* Routes.swift */ = {isa = PBXFileReference; lastKnownFileType = sourcecode.swift; path = Routes.swift; sourceTree = "<group>"; };
/* End PBXFileReference section */

/* Begin PBXFrameworksBuildPhase section */
		5BCD7048298CA79400EEF6F3 /* Frameworks */ = {
			isa = PBXFrameworksBuildPhase;
			buildActionMask = 2147483647;
			files = (
				5B21EB8E2999F0F8005EF98C /* SDWebImage in Frameworks */,
				5B21EB802999D9FA005EF98C /* Alamofire in Frameworks */,
			);
			runOnlyForDeploymentPostprocessing = 0;
		};
/* End PBXFrameworksBuildPhase section */

/* Begin PBXGroup section */
		5B15440029975F9700DC70CF /* Factory */ = {
			isa = PBXGroup;
			children = (
				5B1543FE29975F9200DC70CF /* ViewControllerFactory.swift */,
			);
			path = Factory;
			sourceTree = "<group>";
		};
		5B15440B299796C000DC70CF /* FixturesCollectionViewCell */ = {
			isa = PBXGroup;
			children = (
				5B154405299773F500DC70CF /* FixturesCollectionViewCell.swift */,
				5B154406299773F500DC70CF /* FixturesCollectionViewCell.xib */,
			);
			path = FixturesCollectionViewCell;
			sourceTree = "<group>";
		};
		5B15440C299796D500DC70CF /* Components */ = {
			isa = PBXGroup;
			children = (
				5B16A7F5298D215B00D2AA77 /* SearchField */,
				5B15440B299796C000DC70CF /* FixturesCollectionViewCell */,
			);
			path = Components;
			sourceTree = "<group>";
		};
		5B16A7F5298D215B00D2AA77 /* SearchField */ = {
			isa = PBXGroup;
			children = (
				5B7240BA298D1523000DD128 /* SearchField.xib */,
				5B7240BC298D153A000DD128 /* SearchField.swift */,
			);
			path = SearchField;
			sourceTree = "<group>";
		};
		5B21EB8B2999DCA4005EF98C /* Models */ = {
			isa = PBXGroup;
			children = (
				5B21EB832999DA80005EF98C /* PlayerModel.swift */,
				5B21EB852999DBA4005EF98C /* PlayerDetailsModel.swift */,
				5B21EB872999DC3B005EF98C /* FixtureModel.swift */,
				5B21EB892999DC82005EF98C /* FixtureDetailsModel.swift */,
			);
			path = Models;
			sourceTree = "<group>";
		};
		5B21EB8F299A0C8F005EF98C /* MatchesView */ = {
			isa = PBXGroup;
			children = (
				5B1544012997675F00DC70CF /* MatchesViewController.swift */,
				5B21EB90299A0DC7005EF98C /* MatchesViewModel.swift */,
			);
			path = MatchesView;
			sourceTree = "<group>";
		};
		5B7B825E298CAAC800A6BDA4 /* Views */ = {
			isa = PBXGroup;
			children = (
				5B7B825B298CAABD00A6BDA4 /* InitialViewController.xib */,
				5BF49A04298CADB90051723E /* HomeViewController.xib */,
				5B1544022997675F00DC70CF /* MatchesViewController.xib */,
				5B15440C299796D500DC70CF /* Components */,
			);
			path = Views;
			sourceTree = "<group>";
		};
		5B7B825F298CAAE100A6BDA4 /* ViewModels */ = {
			isa = PBXGroup;
			children = (
				5B21EB8F299A0C8F005EF98C /* MatchesView */,
				5BF49A03298CADB90051723E /* HomeViewController.swift */,
				5B7B825A298CAABD00A6BDA4 /* InitialViewController.swift */,
				5B9438582996DEE9000D546B /* TabbarController.swift */,
			);
			path = ViewModels;
			sourceTree = "<group>";
		};
		5BCD7042298CA79400EEF6F3 = {
			isa = PBXGroup;
			children = (
				5BCD704D298CA79400EEF6F3 /* Cricketly */,
				5BCD704C298CA79400EEF6F3 /* Products */,
			);
			sourceTree = "<group>";
		};
		5BCD704C298CA79400EEF6F3 /* Products */ = {
			isa = PBXGroup;
			children = (
				5BCD704B298CA79400EEF6F3 /* Cricketly.app */,
			);
			name = Products;
			sourceTree = "<group>";
		};
		5BCD704D298CA79400EEF6F3 /* Cricketly */ = {
			isa = PBXGroup;
			children = (
				5BCD704E298CA79400EEF6F3 /* AppDelegate.swift */,
				5B15440029975F9700DC70CF /* Factory */,
				5B21EB8B2999DCA4005EF98C /* Models */,
				5B7B825E298CAAC800A6BDA4 /* Views */,
				5B7B825F298CAAE100A6BDA4 /* ViewModels */,
				5BF49A09298CADEB0051723E /* Utils */,
				5BCD7057298CA79500EEF6F3 /* Assets.xcassets */,
				5BCD7059298CA79500EEF6F3 /* LaunchScreen.storyboard */,
				5BCD705C298CA79500EEF6F3 /* Info.plist */,
			);
			path = Cricketly;
			sourceTree = "<group>";
		};
		5BF49A09298CADEB0051723E /* Utils */ = {
			isa = PBXGroup;
			children = (
				5BF49A07298CADE80051723E /* Routes.swift */,
				5B08BD17298CD5120012690C /* ColorExtension.swift */,
				5B08BD19298CD7620012690C /* CommonFunctions.swift */,
				5B08BD1B298CD7700012690C /* UIFunctions.swift */,
				5BB9D71129989BA800280951 /* SegmentedControlExtension.swift */,
				5B21EB7C2999D90F005EF98C /* Service.swift */,
				5B21EB812999DA3A005EF98C /* Secrets+Endpoints.swift */,
			);
			path = Utils;
			sourceTree = "<group>";
		};
/* End PBXGroup section */

/* Begin PBXNativeTarget section */
		5BCD704A298CA79400EEF6F3 /* Cricketly */ = {
			isa = PBXNativeTarget;
			buildConfigurationList = 5BCD705F298CA79500EEF6F3 /* Build configuration list for PBXNativeTarget "Cricketly" */;
			buildPhases = (
				5BCD7047298CA79400EEF6F3 /* Sources */,
				5BCD7048298CA79400EEF6F3 /* Frameworks */,
				5BCD7049298CA79400EEF6F3 /* Resources */,
			);
			buildRules = (
			);
			dependencies = (
			);
			name = Cricketly;
			packageProductDependencies = (
				5B21EB7F2999D9FA005EF98C /* Alamofire */,
				5B21EB8D2999F0F8005EF98C /* SDWebImage */,
			);
			productName = Cricketly;
			productReference = 5BCD704B298CA79400EEF6F3 /* Cricketly.app */;
			productType = "com.apple.product-type.application";
		};
/* End PBXNativeTarget section */

/* Begin PBXProject section */
		5BCD7043298CA79400EEF6F3 /* Project object */ = {
			isa = PBXProject;
			attributes = {
				BuildIndependentTargetsInParallel = 1;
				LastSwiftUpdateCheck = 1420;
				LastUpgradeCheck = 1420;
				TargetAttributes = {
					5BCD704A298CA79400EEF6F3 = {
						CreatedOnToolsVersion = 14.2;
					};
				};
			};
			buildConfigurationList = 5BCD7046298CA79400EEF6F3 /* Build configuration list for PBXProject "Cricketly" */;
			compatibilityVersion = "Xcode 14.0";
			developmentRegion = en;
			hasScannedForEncodings = 0;
			knownRegions = (
				en,
				Base,
			);
			mainGroup = 5BCD7042298CA79400EEF6F3;
			packageReferences = (
				5B21EB7E2999D9FA005EF98C /* XCRemoteSwiftPackageReference "Alamofire" */,
				5B21EB8C2999F0F8005EF98C /* XCRemoteSwiftPackageReference "SDWebImage" */,
			);
			productRefGroup = 5BCD704C298CA79400EEF6F3 /* Products */;
			projectDirPath = "";
			projectRoot = "";
			targets = (
				5BCD704A298CA79400EEF6F3 /* Cricketly */,
			);
		};
/* End PBXProject section */

/* Begin PBXResourcesBuildPhase section */
		5BCD7049298CA79400EEF6F3 /* Resources */ = {
			isa = PBXResourcesBuildPhase;
			buildActionMask = 2147483647;
			files = (
				5B1544042997675F00DC70CF /* MatchesViewController.xib in Resources */,
				5BCD705B298CA79500EEF6F3 /* LaunchScreen.storyboard in Resources */,
				5BCD7058298CA79500EEF6F3 /* Assets.xcassets in Resources */,
				5B7B825D298CAABD00A6BDA4 /* InitialViewController.xib in Resources */,
				5BF49A06298CADB90051723E /* HomeViewController.xib in Resources */,
				5B154408299773F500DC70CF /* FixturesCollectionViewCell.xib in Resources */,
				5B7240BB298D1523000DD128 /* SearchField.xib in Resources */,
			);
			runOnlyForDeploymentPostprocessing = 0;
		};
/* End PBXResourcesBuildPhase section */

/* Begin PBXSourcesBuildPhase section */
		5BCD7047298CA79400EEF6F3 /* Sources */ = {
			isa = PBXSourcesBuildPhase;
			buildActionMask = 2147483647;
			files = (
				5B154407299773F500DC70CF /* FixturesCollectionViewCell.swift in Sources */,
				5B21EB7D2999D90F005EF98C /* Service.swift in Sources */,
				5B08BD1C298CD7700012690C /* UIFunctions.swift in Sources */,
				5B1543FF29975F9200DC70CF /* ViewControllerFactory.swift in Sources */,
				5B08BD1A298CD7620012690C /* CommonFunctions.swift in Sources */,
				5B21EB822999DA3A005EF98C /* Secrets+Endpoints.swift in Sources */,
				5B21EB91299A0DC7005EF98C /* MatchesViewModel.swift in Sources */,
				5B21EB862999DBA4005EF98C /* PlayerDetailsModel.swift in Sources */,
				5BCD704F298CA79400EEF6F3 /* AppDelegate.swift in Sources */,
				5BB9D71229989BA800280951 /* SegmentedControlExtension.swift in Sources */,
				5B21EB882999DC3B005EF98C /* FixtureModel.swift in Sources */,
				5BF49A08298CADE80051723E /* Routes.swift in Sources */,
				5B1544032997675F00DC70CF /* MatchesViewController.swift in Sources */,
				5B21EB842999DA80005EF98C /* PlayerModel.swift in Sources */,
				5B7B825C298CAABD00A6BDA4 /* InitialViewController.swift in Sources */,
				5BF49A05298CADB90051723E /* HomeViewController.swift in Sources */,
				5B21EB8A2999DC82005EF98C /* FixtureDetailsModel.swift in Sources */,
				5B7240BD298D153A000DD128 /* SearchField.swift in Sources */,
				5B9438592996DEE9000D546B /* TabbarController.swift in Sources */,
				5B08BD18298CD5120012690C /* ColorExtension.swift in Sources */,
			);
			runOnlyForDeploymentPostprocessing = 0;
		};
/* End PBXSourcesBuildPhase section */

/* Begin PBXVariantGroup section */
		5BCD7059298CA79500EEF6F3 /* LaunchScreen.storyboard */ = {
			isa = PBXVariantGroup;
			children = (
				5BCD705A298CA79500EEF6F3 /* Base */,
			);
			name = LaunchScreen.storyboard;
			sourceTree = "<group>";
		};
/* End PBXVariantGroup section */

/* Begin XCBuildConfiguration section */
		5BCD705D298CA79500EEF6F3 /* Debug */ = {
			isa = XCBuildConfiguration;
			buildSettings = {
				ALWAYS_SEARCH_USER_PATHS = NO;
				CLANG_ANALYZER_NONNULL = YES;
				CLANG_ANALYZER_NUMBER_OBJECT_CONVERSION = YES_AGGRESSIVE;
				CLANG_CXX_LANGUAGE_STANDARD = "gnu++20";
				CLANG_ENABLE_MODULES = YES;
				CLANG_ENABLE_OBJC_ARC = YES;
				CLANG_ENABLE_OBJC_WEAK = YES;
				CLANG_WARN_BLOCK_CAPTURE_AUTORELEASING = YES;
				CLANG_WARN_BOOL_CONVERSION = YES;
				CLANG_WARN_COMMA = YES;
				CLANG_WARN_CONSTANT_CONVERSION = YES;
				CLANG_WARN_DEPRECATED_OBJC_IMPLEMENTATIONS = YES;
				CLANG_WARN_DIRECT_OBJC_ISA_USAGE = YES_ERROR;
				CLANG_WARN_DOCUMENTATION_COMMENTS = YES;
				CLANG_WARN_EMPTY_BODY = YES;
				CLANG_WARN_ENUM_CONVERSION = YES;
				CLANG_WARN_INFINITE_RECURSION = YES;
				CLANG_WARN_INT_CONVERSION = YES;
				CLANG_WARN_NON_LITERAL_NULL_CONVERSION = YES;
				CLANG_WARN_OBJC_IMPLICIT_RETAIN_SELF = YES;
				CLANG_WARN_OBJC_LITERAL_CONVERSION = YES;
				CLANG_WARN_OBJC_ROOT_CLASS = YES_ERROR;
				CLANG_WARN_QUOTED_INCLUDE_IN_FRAMEWORK_HEADER = YES;
				CLANG_WARN_RANGE_LOOP_ANALYSIS = YES;
				CLANG_WARN_STRICT_PROTOTYPES = YES;
				CLANG_WARN_SUSPICIOUS_MOVE = YES;
				CLANG_WARN_UNGUARDED_AVAILABILITY = YES_AGGRESSIVE;
				CLANG_WARN_UNREACHABLE_CODE = YES;
				CLANG_WARN__DUPLICATE_METHOD_MATCH = YES;
				COPY_PHASE_STRIP = NO;
				DEBUG_INFORMATION_FORMAT = dwarf;
				ENABLE_STRICT_OBJC_MSGSEND = YES;
				ENABLE_TESTABILITY = YES;
				GCC_C_LANGUAGE_STANDARD = gnu11;
				GCC_DYNAMIC_NO_PIC = NO;
				GCC_NO_COMMON_BLOCKS = YES;
				GCC_OPTIMIZATION_LEVEL = 0;
				GCC_PREPROCESSOR_DEFINITIONS = (
					"DEBUG=1",
					"$(inherited)",
				);
				GCC_WARN_64_TO_32_BIT_CONVERSION = YES;
				GCC_WARN_ABOUT_RETURN_TYPE = YES_ERROR;
				GCC_WARN_UNDECLARED_SELECTOR = YES;
				GCC_WARN_UNINITIALIZED_AUTOS = YES_AGGRESSIVE;
				GCC_WARN_UNUSED_FUNCTION = YES;
				GCC_WARN_UNUSED_VARIABLE = YES;
				IPHONEOS_DEPLOYMENT_TARGET = 16.2;
				MTL_ENABLE_DEBUG_INFO = INCLUDE_SOURCE;
				MTL_FAST_MATH = YES;
				ONLY_ACTIVE_ARCH = YES;
				SDKROOT = iphoneos;
				SWIFT_ACTIVE_COMPILATION_CONDITIONS = DEBUG;
				SWIFT_OPTIMIZATION_LEVEL = "-Onone";
			};
			name = Debug;
		};
		5BCD705E298CA79500EEF6F3 /* Release */ = {
			isa = XCBuildConfiguration;
			buildSettings = {
				ALWAYS_SEARCH_USER_PATHS = NO;
				CLANG_ANALYZER_NONNULL = YES;
				CLANG_ANALYZER_NUMBER_OBJECT_CONVERSION = YES_AGGRESSIVE;
				CLANG_CXX_LANGUAGE_STANDARD = "gnu++20";
				CLANG_ENABLE_MODULES = YES;
				CLANG_ENABLE_OBJC_ARC = YES;
				CLANG_ENABLE_OBJC_WEAK = YES;
				CLANG_WARN_BLOCK_CAPTURE_AUTORELEASING = YES;
				CLANG_WARN_BOOL_CONVERSION = YES;
				CLANG_WARN_COMMA = YES;
				CLANG_WARN_CONSTANT_CONVERSION = YES;
				CLANG_WARN_DEPRECATED_OBJC_IMPLEMENTATIONS = YES;
				CLANG_WARN_DIRECT_OBJC_ISA_USAGE = YES_ERROR;
				CLANG_WARN_DOCUMENTATION_COMMENTS = YES;
				CLANG_WARN_EMPTY_BODY = YES;
				CLANG_WARN_ENUM_CONVERSION = YES;
				CLANG_WARN_INFINITE_RECURSION = YES;
				CLANG_WARN_INT_CONVERSION = YES;
				CLANG_WARN_NON_LITERAL_NULL_CONVERSION = YES;
				CLANG_WARN_OBJC_IMPLICIT_RETAIN_SELF = YES;
				CLANG_WARN_OBJC_LITERAL_CONVERSION = YES;
				CLANG_WARN_OBJC_ROOT_CLASS = YES_ERROR;
				CLANG_WARN_QUOTED_INCLUDE_IN_FRAMEWORK_HEADER = YES;
				CLANG_WARN_RANGE_LOOP_ANALYSIS = YES;
				CLANG_WARN_STRICT_PROTOTYPES = YES;
				CLANG_WARN_SUSPICIOUS_MOVE = YES;
				CLANG_WARN_UNGUARDED_AVAILABILITY = YES_AGGRESSIVE;
				CLANG_WARN_UNREACHABLE_CODE = YES;
				CLANG_WARN__DUPLICATE_METHOD_MATCH = YES;
				COPY_PHASE_STRIP = NO;
				DEBUG_INFORMATION_FORMAT = "dwarf-with-dsym";
				ENABLE_NS_ASSERTIONS = NO;
				ENABLE_STRICT_OBJC_MSGSEND = YES;
				GCC_C_LANGUAGE_STANDARD = gnu11;
				GCC_NO_COMMON_BLOCKS = YES;
				GCC_WARN_64_TO_32_BIT_CONVERSION = YES;
				GCC_WARN_ABOUT_RETURN_TYPE = YES_ERROR;
				GCC_WARN_UNDECLARED_SELECTOR = YES;
				GCC_WARN_UNINITIALIZED_AUTOS = YES_AGGRESSIVE;
				GCC_WARN_UNUSED_FUNCTION = YES;
				GCC_WARN_UNUSED_VARIABLE = YES;
				IPHONEOS_DEPLOYMENT_TARGET = 16.2;
				MTL_ENABLE_DEBUG_INFO = NO;
				MTL_FAST_MATH = YES;
				SDKROOT = iphoneos;
				SWIFT_COMPILATION_MODE = wholemodule;
				SWIFT_OPTIMIZATION_LEVEL = "-O";
				VALIDATE_PRODUCT = YES;
			};
			name = Release;
		};
		5BCD7060298CA79500EEF6F3 /* Debug */ = {
			isa = XCBuildConfiguration;
			buildSettings = {
				ASSETCATALOG_COMPILER_APPICON_NAME = AppIcon;
				ASSETCATALOG_COMPILER_GLOBAL_ACCENT_COLOR_NAME = AccentColor;
				CODE_SIGN_STYLE = Automatic;
				CURRENT_PROJECT_VERSION = 1;
				DEVELOPMENT_TEAM = WL84M4B86K;
				GENERATE_INFOPLIST_FILE = YES;
				INFOPLIST_FILE = Cricketly/Info.plist;
				INFOPLIST_KEY_UIApplicationSupportsIndirectInputEvents = YES;
				INFOPLIST_KEY_UILaunchStoryboardName = LaunchScreen;
				INFOPLIST_KEY_UISupportedInterfaceOrientations_iPad = "UIInterfaceOrientationPortrait UIInterfaceOrientationPortraitUpsideDown UIInterfaceOrientationLandscapeLeft UIInterfaceOrientationLandscapeRight";
				INFOPLIST_KEY_UISupportedInterfaceOrientations_iPhone = "UIInterfaceOrientationPortrait UIInterfaceOrientationLandscapeLeft UIInterfaceOrientationLandscapeRight";
				LD_RUNPATH_SEARCH_PATHS = (
					"$(inherited)",
					"@executable_path/Frameworks",
				);
				MARKETING_VERSION = 1.0;
				PRODUCT_BUNDLE_IDENTIFIER = com.absar.Cricketly;
				PRODUCT_NAME = "$(TARGET_NAME)";
				SWIFT_EMIT_LOC_STRINGS = YES;
				SWIFT_VERSION = 5.0;
				TARGETED_DEVICE_FAMILY = "1,2";
			};
			name = Debug;
		};
		5BCD7061298CA79500EEF6F3 /* Release */ = {
			isa = XCBuildConfiguration;
			buildSettings = {
				ASSETCATALOG_COMPILER_APPICON_NAME = AppIcon;
				ASSETCATALOG_COMPILER_GLOBAL_ACCENT_COLOR_NAME = AccentColor;
				CODE_SIGN_STYLE = Automatic;
				CURRENT_PROJECT_VERSION = 1;
				DEVELOPMENT_TEAM = WL84M4B86K;
				GENERATE_INFOPLIST_FILE = YES;
				INFOPLIST_FILE = Cricketly/Info.plist;
				INFOPLIST_KEY_UIApplicationSupportsIndirectInputEvents = YES;
				INFOPLIST_KEY_UILaunchStoryboardName = LaunchScreen;
				INFOPLIST_KEY_UISupportedInterfaceOrientations_iPad = "UIInterfaceOrientationPortrait UIInterfaceOrientationPortraitUpsideDown UIInterfaceOrientationLandscapeLeft UIInterfaceOrientationLandscapeRight";
				INFOPLIST_KEY_UISupportedInterfaceOrientations_iPhone = "UIInterfaceOrientationPortrait UIInterfaceOrientationLandscapeLeft UIInterfaceOrientationLandscapeRight";
				LD_RUNPATH_SEARCH_PATHS = (
					"$(inherited)",
					"@executable_path/Frameworks",
				);
				MARKETING_VERSION = 1.0;
				PRODUCT_BUNDLE_IDENTIFIER = com.absar.Cricketly;
				PRODUCT_NAME = "$(TARGET_NAME)";
				SWIFT_EMIT_LOC_STRINGS = YES;
				SWIFT_VERSION = 5.0;
				TARGETED_DEVICE_FAMILY = "1,2";
			};
			name = Release;
		};
/* End XCBuildConfiguration section */

/* Begin XCConfigurationList section */
		5BCD7046298CA79400EEF6F3 /* Build configuration list for PBXProject "Cricketly" */ = {
			isa = XCConfigurationList;
			buildConfigurations = (
				5BCD705D298CA79500EEF6F3 /* Debug */,
				5BCD705E298CA79500EEF6F3 /* Release */,
			);
			defaultConfigurationIsVisible = 0;
			defaultConfigurationName = Release;
		};
		5BCD705F298CA79500EEF6F3 /* Build configuration list for PBXNativeTarget "Cricketly" */ = {
			isa = XCConfigurationList;
			buildConfigurations = (
				5BCD7060298CA79500EEF6F3 /* Debug */,
				5BCD7061298CA79500EEF6F3 /* Release */,
			);
			defaultConfigurationIsVisible = 0;
			defaultConfigurationName = Release;
		};
/* End XCConfigurationList section */

/* Begin XCRemoteSwiftPackageReference section */
		5B21EB7E2999D9FA005EF98C /* XCRemoteSwiftPackageReference "Alamofire" */ = {
			isa = XCRemoteSwiftPackageReference;
			repositoryURL = "https://github.com/Alamofire/Alamofire";
			requirement = {
				kind = upToNextMajorVersion;
				minimumVersion = 5.0.0;
			};
		};
		5B21EB8C2999F0F8005EF98C /* XCRemoteSwiftPackageReference "SDWebImage" */ = {
			isa = XCRemoteSwiftPackageReference;
			repositoryURL = "https://github.com/SDWebImage/SDWebImage";
			requirement = {
				kind = upToNextMajorVersion;
				minimumVersion = 5.0.0;
			};
		};
/* End XCRemoteSwiftPackageReference section */

/* Begin XCSwiftPackageProductDependency section */
		5B21EB7F2999D9FA005EF98C /* Alamofire */ = {
			isa = XCSwiftPackageProductDependency;
			package = 5B21EB7E2999D9FA005EF98C /* XCRemoteSwiftPackageReference "Alamofire" */;
			productName = Alamofire;
		};
		5B21EB8D2999F0F8005EF98C /* SDWebImage */ = {
			isa = XCSwiftPackageProductDependency;
			package = 5B21EB8C2999F0F8005EF98C /* XCRemoteSwiftPackageReference "SDWebImage" */;
			productName = SDWebImage;
		};
/* End XCSwiftPackageProductDependency section */
	};
	rootObject = 5BCD7043298CA79400EEF6F3 /* Project object */;
}
